
Microsoft Visual Studio Solution File, Format Version 12.00
# Visual Studio Version 16
VisualStudioVersion = 16.0.29911.84
MinimumVisualStudioVersion = 10.0.40219.1
Project("{FAE04EC0-301F-11D3-BF4B-00C04F79EFBC}") = "Homefit.Android", "Homefit.Android\Homefit.Android.csproj", "{1A6F9278-7C59-4F54-8C75-AD21EC8C7132}"
EndProject
Project("{FAE04EC0-301F-11D3-BF4B-00C04F79EFBC}") = "Homefit.iOS", "Homefit.iOS\Homefit.iOS.csproj", "{2AA2B5D0-21FC-4FF6-9A2D-BE5CD5BAE3DE}"
EndProject
Project("{FAE04EC0-301F-11D3-BF4B-00C04F79EFBC}") = "Homefit", "Homefit\Homefit.csproj", "{BCCEB6CA-BDF4-422D-AE91-2D1388AA0B7E}"
EndProject
Global
	GlobalSection(SolutionConfigurationPlatforms) = preSolution
		Debug|Any CPU = Debug|Any CPU
		Debug|iPhone = Debug|iPhone
		Debug|iPhoneSimulator = Debug|iPhoneSimulator
		Release|Any CPU = Release|Any CPU
		Release|iPhone = Release|iPhone
		Release|iPhoneSimulator = Release|iPhoneSimulator
	EndGlobalSection
	GlobalSection(ProjectConfigurationPlatforms) = postSolution
		{1A6F9278-7C59-4F54-8C75-AD21EC8C7132}.Debug|Any CPU.ActiveCfg = Debug|Any CPU
		{1A6F9278-7C59-4F54-8C75-AD21EC8C7132}.Debug|Any CPU.Build.0 = Debug|Any CPU
		{1A6F9278-7C59-4F54-8C75-AD21EC8C7132}.Debug|Any CPU.Deploy.0 = Debug|Any CPU
		{1A6F9278-7C59-4F54-8C75-AD21EC8C7132}.Debug|iPhone.ActiveCfg = Debug|Any CPU
		{1A6F9278-7C59-4F54-8C75-AD21EC8C7132}.Debug|iPhone.Build.0 = Debug|Any CPU
		{1A6F9278-7C59-4F54-8C75-AD21EC8C7132}.Debug|iPhone.Deploy.0 = Debug|Any CPU
		{1A6F9278-7C59-4F54-8C75-AD21EC8C7132}.Debug|iPhoneSimulator.ActiveCfg = Debug|Any CPU
		{1A6F9278-7C59-4F54-8C75-AD21EC8C7132}.Debug|iPhoneSimulator.Build.0 = Debug|Any CPU
		{1A6F9278-7C59-4F54-8C75-AD21EC8C7132}.Debug|iPhoneSimulator.Deploy.0 = Debug|Any CPU
		{1A6F9278-7C59-4F54-8C75-AD21EC8C7132}.Release|Any CPU.ActiveCfg = Release|Any CPU
		{1A6F9278-7C59-4F54-8C75-AD21EC8C7132}.Release|Any CPU.Build.0 = Release|Any CPU
		{1A6F9278-7C59-4F54-8C75-AD21EC8C7132}.Release|Any CPU.Deploy.0 = Release|Any CPU
		{1A6F9278-7C59-4F54-8C75-AD21EC8C7132}.Release|iPhone.ActiveCfg = Release|Any CPU
		{1A6F9278-7C59-4F54-8C75-AD21EC8C7132}.Release|iPhone.Build.0 = Release|Any CPU
		{1A6F9278-7C59-4F54-8C75-AD21EC8C7132}.Release|iPhone.Deploy.0 = Release|Any CPU
		{1A6F9278-7C59-4F54-8C75-AD21EC8C7132}.Release|iPhoneSimulator.ActiveCfg = Release|Any CPU
		{1A6F9278-7C59-4F54-8C75-AD21EC8C7132}.Release|iPhoneSimulator.Build.0 = Release|Any CPU
		{1A6F9278-7C59-4F54-8C75-AD21EC8C7132}.Release|iPhoneSimulator.Deploy.0 = Release|Any CPU
		{2AA2B5D0-21FC-4FF6-9A2D-BE5CD5BAE3DE}.Debug|Any CPU.ActiveCfg = Debug|iPhone
		{2AA2B5D0-21FC-4FF6-9A2D-BE5CD5BAE3DE}.Debug|Any CPU.Build.0 = Debug|iPhone
		{2AA2B5D0-21FC-4FF6-9A2D-BE5CD5BAE3DE}.Debug|Any CPU.Deploy.0 = Debug|iPhone
		{2AA2B5D0-21FC-4FF6-9A2D-BE5CD5BAE3DE}.Debug|iPhone.ActiveCfg = Debug|iPhone
		{2AA2B5D0-21FC-4FF6-9A2D-BE5CD5BAE3DE}.Debug|iPhone.Build.0 = Debug|iPhone
		{2AA2B5D0-21FC-4FF6-9A2D-BE5CD5BAE3DE}.Debug|iPhone.Deploy.0 = Debug|iPhone
		{2AA2B5D0-21FC-4FF6-9A2D-BE5CD5BAE3DE}.Debug|iPhoneSimulator.ActiveCfg = Debug|iPhoneSimulator
		{2AA2B5D0-21FC-4FF6-9A2D-BE5CD5BAE3DE}.Debug|iPhoneSimulator.Build.0 = Debug|iPhoneSimulator
		{2AA2B5D0-21FC-4FF6-9A2D-BE5CD5BAE3DE}.Debug|iPhoneSimulator.Deploy.0 = Debug|iPhoneSimulator
		{2AA2B5D0-21FC-4FF6-9A2D-BE5CD5BAE3DE}.Release|Any CPU.ActiveCfg = Release|iPhone
		{2AA2B5D0-21FC-4FF6-9A2D-BE5CD5BAE3DE}.Release|Any CPU.Build.0 = Release|iPhone
		{2AA2B5D0-21FC-4FF6-9A2D-BE5CD5BAE3DE}.Release|Any CPU.Deploy.0 = Release|iPhone
		{2AA2B5D0-21FC-4FF6-9A2D-BE5CD5BAE3DE}.Release|iPhone.ActiveCfg = Release|iPhone
		{2AA2B5D0-21FC-4FF6-9A2D-BE5CD5BAE3DE}.Release|iPhone.Build.0 = Release|iPhone
		{2AA2B5D0-21FC-4FF6-9A2D-BE5CD5BAE3DE}.Release|iPhone.Deploy.0 = Release|iPhone
		{2AA2B5D0-21FC-4FF6-9A2D-BE5CD5BAE3DE}.Release|iPhoneSimulator.ActiveCfg = Release|iPhoneSimulator
		{2AA2B5D0-21FC-4FF6-9A2D-BE5CD5BAE3DE}.Release|iPhoneSimulator.Build.0 = Release|iPhoneSimulator
		{2AA2B5D0-21FC-4FF6-9A2D-BE5CD5BAE3DE}.Release|iPhoneSimulator.Deploy.0 = Release|iPhoneSimulator
		{BCCEB6CA-BDF4-422D-AE91-2D1388AA0B7E}.Debug|Any CPU.ActiveCfg = Debug|Any CPU
		{BCCEB6CA-BDF4-422D-AE91-2D1388AA0B7E}.Debug|Any CPU.Build.0 = Debug|Any CPU
		{BCCEB6CA-BDF4-422D-AE91-2D1388AA0B7E}.Debug|Any CPU.Deploy.0 = Debug|Any CPU
		{BCCEB6CA-BDF4-422D-AE91-2D1388AA0B7E}.Debug|iPhone.ActiveCfg = Debug|Any CPU
		{BCCEB6CA-BDF4-422D-AE91-2D1388AA0B7E}.Debug|iPhone.Build.0 = Debug|Any CPU
		{BCCEB6CA-BDF4-422D-AE91-2D1388AA0B7E}.Debug|iPhone.Deploy.0 = Debug|Any CPU
		{BCCEB6CA-BDF4-422D-AE91-2D1388AA0B7E}.Debug|iPhoneSimulator.ActiveCfg = Debug|Any CPU
		{BCCEB6CA-BDF4-422D-AE91-2D1388AA0B7E}.Debug|iPhoneSimulator.Build.0 = Debug|Any CPU
		{BCCEB6CA-BDF4-422D-AE91-2D1388AA0B7E}.Debug|iPhoneSimulator.Deploy.0 = Debug|Any CPU
		{BCCEB6CA-BDF4-422D-AE91-2D1388AA0B7E}.Release|Any CPU.ActiveCfg = Release|Any CPU
		{BCCEB6CA-BDF4-422D-AE91-2D1388AA0B7E}.Release|Any CPU.Build.0 = Release|Any CPU
		{BCCEB6CA-BDF4-422D-AE91-2D1388AA0B7E}.Release|Any CPU.Deploy.0 = Release|Any CPU
		{BCCEB6CA-BDF4-422D-AE91-2D1388AA0B7E}.Release|iPhone.ActiveCfg = Release|Any CPU
		{BCCEB6CA-BDF4-422D-AE91-2D1388AA0B7E}.Release|iPhone.Build.0 = Release|Any CPU
		{BCCEB6CA-BDF4-422D-AE91-2D1388AA0B7E}.Release|iPhone.Deploy.0 = Release|Any CPU
		{BCCEB6CA-BDF4-422D-AE91-2D1388AA0B7E}.Release|iPhoneSimulator.ActiveCfg = Release|Any CPU
		{BCCEB6CA-BDF4-422D-AE91-2D1388AA0B7E}.Release|iPhoneSimulator.Build.0 = Release|Any CPU
		{BCCEB6CA-BDF4-422D-AE91-2D1388AA0B7E}.Release|iPhoneSimulator.Deploy.0 = Release|Any CPU
	EndGlobalSection
	GlobalSection(SolutionProperties) = preSolution
		HideSolutionNode = FALSE
	EndGlobalSection
	GlobalSection(ExtensibilityGlobals) = postSolution
		SolutionGuid = {8253105B-5A03-4A3F-A230-16B808F7EB53}
	EndGlobalSection
EndGlobal
